
Microsoft Visual Studio Solution File, Format Version 12.00
# Visual Studio Version 17
VisualStudioVersion = 17.0.31903.59
MinimumVisualStudioVersion = 10.0.40219.1
Project("{2150E333-8FDC-42A3-9474-1A3956D46DE8}") = "src", "src", "{8BC16A2C-CB9A-4A50-A429-EC5170863742}"
EndProject
Project("{FAE04EC0-301F-11D3-BF4B-00C04F79EFBC}") = "Axlis.ORM.Abstractions", "src\Axlis.ORM.Abstractions\Axlis.Abstractions.csproj", "{58B092E4-2919-4960-BA14-EE09410C1659}"
EndProject
Project("{FAE04EC0-301F-11D3-BF4B-00C04F79EFBC}") = "Axlis.ORM.Core", "src\Axlis.ORM.Core\Axlis.Core.csproj", "{F4B81E16-823D-4B00-B132-1403CE669C5A}"
EndProject
Project("{FAE04EC0-301F-11D3-BF4B-00C04F79EFBC}") = "Axlis.ORM.GraphQL", "src\Axlis.ORM.GraphQL\Axlis.GraphQL.csproj", "{702CE990-C625-4531-8CEC-482AD4B1C698}"
EndProject
Project("{FAE04EC0-301F-11D3-BF4B-00C04F79EFBC}") = "Axlis.ORM", "src\Axlis.ORM\Axlis.csproj", "{6CC16972-ED97-428B-9BCB-74B9753B7D74}"
EndProject
Project("{2150E333-8FDC-42A3-9474-1A3956D46DE8}") = "tests", "tests", "{6263F79D-D5A2-44A8-B433-902B35C759AB}"
EndProject
Project("{FAE04EC0-301F-11D3-BF4B-00C04F79EFBC}") = "Axlis.ORM.Core.Tests", "tests\Axlis.ORM.Core.Tests\Axlis.Core.Tests.csproj", "{92ED4C38-1A9C-48B7-8721-E9CAA5173270}"
EndProject
Project("{FAE04EC0-301F-11D3-BF4B-00C04F79EFBC}") = "Axlis.ORM.GraphQL.Tests", "tests\Axlis.ORM.GraphQL.Tests\Axlis.GraphQL.Tests.csproj", "{E08A0FEF-949F-41E8-A668-F2505B8B60FF}"
EndProject
Project("{FAE04EC0-301F-11D3-BF4B-00C04F79EFBC}") = "Axlis.ORM.Tests", "tests\Axlis.ORM.Tests\Axlis.Tests.csproj", "{E54BE6AC-F4F8-429F-97AD-D781C53A3BAA}"
EndProject
Global
	GlobalSection(SolutionConfigurationPlatforms) = preSolution
		Debug|Any CPU = Debug|Any CPU
		Release|Any CPU = Release|Any CPU
	EndGlobalSection
	GlobalSection(SolutionProperties) = preSolution
		HideSolutionNode = FALSE
	EndGlobalSection
	GlobalSection(ProjectConfigurationPlatforms) = postSolution
		{58B092E4-2919-4960-BA14-EE09410C1659}.Debug|Any CPU.ActiveCfg = Debug|Any CPU
		{58B092E4-2919-4960-BA14-EE09410C1659}.Debug|Any CPU.Build.0 = Debug|Any CPU
		{58B092E4-2919-4960-BA14-EE09410C1659}.Release|Any CPU.ActiveCfg = Release|Any CPU
		{58B092E4-2919-4960-BA14-EE09410C1659}.Release|Any CPU.Build.0 = Release|Any CPU
		{F4B81E16-823D-4B00-B132-1403CE669C5A}.Debug|Any CPU.ActiveCfg = Debug|Any CPU
		{F4B81E16-823D-4B00-B132-1403CE669C5A}.Debug|Any CPU.Build.0 = Debug|Any CPU
		{F4B81E16-823D-4B00-B132-1403CE669C5A}.Release|Any CPU.ActiveCfg = Release|Any CPU
		{F4B81E16-823D-4B00-B132-1403CE669C5A}.Release|Any CPU.Build.0 = Release|Any CPU
		{702CE990-C625-4531-8CEC-482AD4B1C698}.Debug|Any CPU.ActiveCfg = Debug|Any CPU
		{702CE990-C625-4531-8CEC-482AD4B1C698}.Debug|Any CPU.Build.0 = Debug|Any CPU
		{702CE990-C625-4531-8CEC-482AD4B1C698}.Release|Any CPU.ActiveCfg = Release|Any CPU
		{702CE990-C625-4531-8CEC-482AD4B1C698}.Release|Any CPU.Build.0 = Release|Any CPU
		{6CC16972-ED97-428B-9BCB-74B9753B7D74}.Debug|Any CPU.ActiveCfg = Debug|Any CPU
		{6CC16972-ED97-428B-9BCB-74B9753B7D74}.Debug|Any CPU.Build.0 = Debug|Any CPU
		{6CC16972-ED97-428B-9BCB-74B9753B7D74}.Release|Any CPU.ActiveCfg = Release|Any CPU
		{6CC16972-ED97-428B-9BCB-74B9753B7D74}.Release|Any CPU.Build.0 = Release|Any CPU
		{92ED4C38-1A9C-48B7-8721-E9CAA5173270}.Debug|Any CPU.ActiveCfg = Debug|Any CPU
		{92ED4C38-1A9C-48B7-8721-E9CAA5173270}.Debug|Any CPU.Build.0 = Debug|Any CPU
		{92ED4C38-1A9C-48B7-8721-E9CAA5173270}.Release|Any CPU.ActiveCfg = Release|Any CPU
		{92ED4C38-1A9C-48B7-8721-E9CAA5173270}.Release|Any CPU.Build.0 = Release|Any CPU
		{E08A0FEF-949F-41E8-A668-F2505B8B60FF}.Debug|Any CPU.ActiveCfg = Debug|Any CPU
		{E08A0FEF-949F-41E8-A668-F2505B8B60FF}.Debug|Any CPU.Build.0 = Debug|Any CPU
		{E08A0FEF-949F-41E8-A668-F2505B8B60FF}.Release|Any CPU.ActiveCfg = Release|Any CPU
		{E08A0FEF-949F-41E8-A668-F2505B8B60FF}.Release|Any CPU.Build.0 = Release|Any CPU
		{E54BE6AC-F4F8-429F-97AD-D781C53A3BAA}.Debug|Any CPU.ActiveCfg = Debug|Any CPU
		{E54BE6AC-F4F8-429F-97AD-D781C53A3BAA}.Debug|Any CPU.Build.0 = Debug|Any CPU
		{E54BE6AC-F4F8-429F-97AD-D781C53A3BAA}.Release|Any CPU.ActiveCfg = Release|Any CPU
		{E54BE6AC-F4F8-429F-97AD-D781C53A3BAA}.Release|Any CPU.Build.0 = Release|Any CPU
	EndGlobalSection
	GlobalSection(NestedProjects) = preSolution
		{58B092E4-2919-4960-BA14-EE09410C1659} = {8BC16A2C-CB9A-4A50-A429-EC5170863742}
		{F4B81E16-823D-4B00-B132-1403CE669C5A} = {8BC16A2C-CB9A-4A50-A429-EC5170863742}
		{702CE990-C625-4531-8CEC-482AD4B1C698} = {8BC16A2C-CB9A-4A50-A429-EC5170863742}
		{6CC16972-ED97-428B-9BCB-74B9753B7D74} = {8BC16A2C-CB9A-4A50-A429-EC5170863742}
		{92ED4C38-1A9C-48B7-8721-E9CAA5173270} = {6263F79D-D5A2-44A8-B433-902B35C759AB}
		{E08A0FEF-949F-41E8-A668-F2505B8B60FF} = {6263F79D-D5A2-44A8-B433-902B35C759AB}
		{E54BE6AC-F4F8-429F-97AD-D781C53A3BAA} = {6263F79D-D5A2-44A8-B433-902B35C759AB}
	EndGlobalSection
EndGlobal
